
Microsoft Visual Studio Solution File, Format Version 12.00
# Visual Studio Version 17
VisualStudioVersion = 17.7.34024.191
MinimumVisualStudioVersion = 10.0.40219.1
Project("{FAE04EC0-301F-11D3-BF4B-00C04F79EFBC}") = "Lesson 17", "Lesson 17\Lesson 17.csproj", "{906E778B-EF89-479A-A284-C3E50995603C}"
EndProject
Global
	GlobalSection(SolutionConfigurationPlatforms) = preSolution
		Debug|Any CPU = Debug|Any CPU
		Release|Any CPU = Release|Any CPU
	EndGlobalSection
	GlobalSection(ProjectConfigurationPlatforms) = postSolution
		{906E778B-EF89-479A-A284-C3E50995603C}.Debug|Any CPU.ActiveCfg = Debug|Any CPU
		{906E778B-EF89-479A-A284-C3E50995603C}.Debug|Any CPU.Build.0 = Debug|Any CPU
		{906E778B-EF89-479A-A284-C3E50995603C}.Release|Any CPU.ActiveCfg = Release|Any CPU
		{906E778B-EF89-479A-A284-C3E50995603C}.Release|Any CPU.Build.0 = Release|Any CPU
	EndGlobalSection
	GlobalSection(SolutionProperties) = preSolution
		HideSolutionNode = FALSE
	EndGlobalSection
	GlobalSection(ExtensibilityGlobals) = postSolution
		SolutionGuid = {FE67E2F1-6D75-477A-8CA3-83B3B6FB4C0B}
	EndGlobalSection
EndGlobal
